
Microsoft Visual Studio Solution File, Format Version 12.00
# Visual Studio Version 17
VisualStudioVersion = 17.9.34728.123
MinimumVisualStudioVersion = 10.0.40219.1
Project("{FAE04EC0-301F-11D3-BF4B-00C04F79EFBC}") = "PilhaDinamica", "PilhaDinamica\PilhaDinamica.csproj", "{E8F0BD5A-8AE7-4BEF-BE98-728E659220EA}"
EndProject
Global
	GlobalSection(SolutionConfigurationPlatforms) = preSolution
		Debug|Any CPU = Debug|Any CPU
		Release|Any CPU = Release|Any CPU
	EndGlobalSection
	GlobalSection(ProjectConfigurationPlatforms) = postSolution
		{E8F0BD5A-8AE7-4BEF-BE98-728E659220EA}.Debug|Any CPU.ActiveCfg = Debug|Any CPU
		{E8F0BD5A-8AE7-4BEF-BE98-728E659220EA}.Debug|Any CPU.Build.0 = Debug|Any CPU
		{E8F0BD5A-8AE7-4BEF-BE98-728E659220EA}.Release|Any CPU.ActiveCfg = Release|Any CPU
		{E8F0BD5A-8AE7-4BEF-BE98-728E659220EA}.Release|Any CPU.Build.0 = Release|Any CPU
	EndGlobalSection
	GlobalSection(SolutionProperties) = preSolution
		HideSolutionNode = FALSE
	EndGlobalSection
	GlobalSection(ExtensibilityGlobals) = postSolution
		SolutionGuid = {493C18DD-4713-4EE7-AFC1-549100259436}
	EndGlobalSection
EndGlobal
